
Microsoft Visual Studio Solution File, Format Version 12.00
# Visual Studio Version 17
VisualStudioVersion = 17.13.35919.96
MinimumVisualStudioVersion = 10.0.40219.1
Project("{FAE04EC0-301F-11D3-BF4B-00C04F79EFBC}") = "MovieManagerApi", "MovieManagerApi\MovieManagerApi.csproj", "{3CB17154-DDE4-45C6-BA93-428AA3AE8D1B}"
EndProject
Project("{FAE04EC0-301F-11D3-BF4B-00C04F79EFBC}") = "MovieManager.Core", "MovieManager.Core\MovieManager.Core.csproj", "{BEBC2EE1-FA87-4F7E-B7E2-5E10C984F899}"
EndProject
Project("{FAE04EC0-301F-11D3-BF4B-00C04F79EFBC}") = "MovieManager.Infrustructure", "MovieManager.Infrustructure\MovieManager.Infrustructure.csproj", "{1BEC5101-7D49-4D61-B02A-DB5C8996C49D}"
EndProject
Project("{FAE04EC0-301F-11D3-BF4B-00C04F79EFBC}") = "MoviesManager.Shared", "MoviesManager.Shared\MoviesManager.Shared.csproj", "{0036C095-41BC-40B6-9B00-08411D00A8FE}"
EndProject
Project("{E53339B2-1760-4266-BCC7-CA923CBCF16C}") = "docker-compose", "docker-compose.dcproj", "{81DDED9D-158B-E303-5F62-77A2896D2A5A}"
EndProject
Global
	GlobalSection(SolutionConfigurationPlatforms) = preSolution
		Debug|Any CPU = Debug|Any CPU
		Release|Any CPU = Release|Any CPU
	EndGlobalSection
	GlobalSection(ProjectConfigurationPlatforms) = postSolution
		{3CB17154-DDE4-45C6-BA93-428AA3AE8D1B}.Debug|Any CPU.ActiveCfg = Debug|Any CPU
		{3CB17154-DDE4-45C6-BA93-428AA3AE8D1B}.Debug|Any CPU.Build.0 = Debug|Any CPU
		{3CB17154-DDE4-45C6-BA93-428AA3AE8D1B}.Release|Any CPU.ActiveCfg = Release|Any CPU
		{3CB17154-DDE4-45C6-BA93-428AA3AE8D1B}.Release|Any CPU.Build.0 = Release|Any CPU
		{BEBC2EE1-FA87-4F7E-B7E2-5E10C984F899}.Debug|Any CPU.ActiveCfg = Debug|Any CPU
		{BEBC2EE1-FA87-4F7E-B7E2-5E10C984F899}.Debug|Any CPU.Build.0 = Debug|Any CPU
		{BEBC2EE1-FA87-4F7E-B7E2-5E10C984F899}.Release|Any CPU.ActiveCfg = Release|Any CPU
		{BEBC2EE1-FA87-4F7E-B7E2-5E10C984F899}.Release|Any CPU.Build.0 = Release|Any CPU
		{1BEC5101-7D49-4D61-B02A-DB5C8996C49D}.Debug|Any CPU.ActiveCfg = Debug|Any CPU
		{1BEC5101-7D49-4D61-B02A-DB5C8996C49D}.Debug|Any CPU.Build.0 = Debug|Any CPU
		{1BEC5101-7D49-4D61-B02A-DB5C8996C49D}.Release|Any CPU.ActiveCfg = Release|Any CPU
		{1BEC5101-7D49-4D61-B02A-DB5C8996C49D}.Release|Any CPU.Build.0 = Release|Any CPU
		{0036C095-41BC-40B6-9B00-08411D00A8FE}.Debug|Any CPU.ActiveCfg = Debug|Any CPU
		{0036C095-41BC-40B6-9B00-08411D00A8FE}.Debug|Any CPU.Build.0 = Debug|Any CPU
		{0036C095-41BC-40B6-9B00-08411D00A8FE}.Release|Any CPU.ActiveCfg = Release|Any CPU
		{0036C095-41BC-40B6-9B00-08411D00A8FE}.Release|Any CPU.Build.0 = Release|Any CPU
		{81DDED9D-158B-E303-5F62-77A2896D2A5A}.Debug|Any CPU.ActiveCfg = Debug|Any CPU
		{81DDED9D-158B-E303-5F62-77A2896D2A5A}.Debug|Any CPU.Build.0 = Debug|Any CPU
		{81DDED9D-158B-E303-5F62-77A2896D2A5A}.Release|Any CPU.ActiveCfg = Release|Any CPU
		{81DDED9D-158B-E303-5F62-77A2896D2A5A}.Release|Any CPU.Build.0 = Release|Any CPU
	EndGlobalSection
	GlobalSection(SolutionProperties) = preSolution
		HideSolutionNode = FALSE
	EndGlobalSection
	GlobalSection(ExtensibilityGlobals) = postSolution
		SolutionGuid = {97EB3B3D-CEB5-438E-A70B-9A3049B5DDCE}
	EndGlobalSection
EndGlobal
