
Microsoft Visual Studio Solution File, Format Version 12.00
# Visual Studio Version 17
VisualStudioVersion = 17.13.35828.75 d17.13
MinimumVisualStudioVersion = 10.0.40219.1
Project("{FAE04EC0-301F-11D3-BF4B-00C04F79EFBC}") = "DesignPatterns", "DesignPatterns\DesignPatterns.csproj", "{ED23752C-2C89-4AD1-8B5D-C4C96CAFB6EF}"
EndProject
Global
	GlobalSection(SolutionConfigurationPlatforms) = preSolution
		Debug|Any CPU = Debug|Any CPU
		Release|Any CPU = Release|Any CPU
	EndGlobalSection
	GlobalSection(ProjectConfigurationPlatforms) = postSolution
		{ED23752C-2C89-4AD1-8B5D-C4C96CAFB6EF}.Debug|Any CPU.ActiveCfg = Debug|Any CPU
		{ED23752C-2C89-4AD1-8B5D-C4C96CAFB6EF}.Debug|Any CPU.Build.0 = Debug|Any CPU
		{ED23752C-2C89-4AD1-8B5D-C4C96CAFB6EF}.Release|Any CPU.ActiveCfg = Release|Any CPU
		{ED23752C-2C89-4AD1-8B5D-C4C96CAFB6EF}.Release|Any CPU.Build.0 = Release|Any CPU
	EndGlobalSection
	GlobalSection(SolutionProperties) = preSolution
		HideSolutionNode = FALSE
	EndGlobalSection
	GlobalSection(ExtensibilityGlobals) = postSolution
		SolutionGuid = {F66E1E36-B4C0-49E3-834E-76707C79C331}
	EndGlobalSection
EndGlobal
