
Microsoft Visual Studio Solution File, Format Version 12.00
# Visual Studio Version 17
VisualStudioVersion = 17.14.36310.24
MinimumVisualStudioVersion = 10.0.40219.1
Project("{FAE04EC0-301F-11D3-BF4B-00C04F79EFBC}") = "TodoItemsCommands.Api", "TodoItemsCqrsApi\TodoItemsCommands.Api.csproj", "{D5A768B1-9888-45CD-8658-3A1EA2A2EA07}"
EndProject
Project("{FAE04EC0-301F-11D3-BF4B-00C04F79EFBC}") = "TodoItemsQueries.Api", "TodoItemsQueries.Api\TodoItemsQueries.Api.csproj", "{89A920BA-619D-4E89-8250-6038BF569A1E}"
EndProject
Project("{FAE04EC0-301F-11D3-BF4B-00C04F79EFBC}") = "TodoItems.Shared", "TodoItems.Shared\TodoItems.Shared.csproj", "{C535C0A6-FEE8-4D1B-B2F5-79BA24782772}"
EndProject
Global
	GlobalSection(SolutionConfigurationPlatforms) = preSolution
		Debug|Any CPU = Debug|Any CPU
		Release|Any CPU = Release|Any CPU
	EndGlobalSection
	GlobalSection(ProjectConfigurationPlatforms) = postSolution
		{D5A768B1-9888-45CD-8658-3A1EA2A2EA07}.Debug|Any CPU.ActiveCfg = Debug|Any CPU
		{D5A768B1-9888-45CD-8658-3A1EA2A2EA07}.Debug|Any CPU.Build.0 = Debug|Any CPU
		{D5A768B1-9888-45CD-8658-3A1EA2A2EA07}.Release|Any CPU.ActiveCfg = Release|Any CPU
		{D5A768B1-9888-45CD-8658-3A1EA2A2EA07}.Release|Any CPU.Build.0 = Release|Any CPU
		{89A920BA-619D-4E89-8250-6038BF569A1E}.Debug|Any CPU.ActiveCfg = Debug|Any CPU
		{89A920BA-619D-4E89-8250-6038BF569A1E}.Debug|Any CPU.Build.0 = Debug|Any CPU
		{89A920BA-619D-4E89-8250-6038BF569A1E}.Release|Any CPU.ActiveCfg = Release|Any CPU
		{89A920BA-619D-4E89-8250-6038BF569A1E}.Release|Any CPU.Build.0 = Release|Any CPU
		{C535C0A6-FEE8-4D1B-B2F5-79BA24782772}.Debug|Any CPU.ActiveCfg = Debug|Any CPU
		{C535C0A6-FEE8-4D1B-B2F5-79BA24782772}.Debug|Any CPU.Build.0 = Debug|Any CPU
		{C535C0A6-FEE8-4D1B-B2F5-79BA24782772}.Release|Any CPU.ActiveCfg = Release|Any CPU
		{C535C0A6-FEE8-4D1B-B2F5-79BA24782772}.Release|Any CPU.Build.0 = Release|Any CPU
	EndGlobalSection
	GlobalSection(SolutionProperties) = preSolution
		HideSolutionNode = FALSE
	EndGlobalSection
	GlobalSection(ExtensibilityGlobals) = postSolution
		SolutionGuid = {278FCBF2-4720-434A-8D63-90793795EA02}
	EndGlobalSection
EndGlobal
